
Microsoft Visual Studio Solution File, Format Version 12.00
# Visual Studio 15
VisualStudioVersion = 15.0.27428.2027
MinimumVisualStudioVersion = 10.0.40219.1
Project("{FAE04EC0-301F-11D3-BF4B-00C04F79EFBC}") = "NS2", "NS2\NS2.csproj", "{089CF92F-3AA5-4708-B518-863DEFFACFED}"
EndProject
Project("{9A19103F-16F7-4668-BE54-9A1E7A4F7556}") = "Commons", "Commons\Commons.csproj", "{3FF08BF3-A163-4505-830A-29D2359DED99}"
EndProject
Project("{9A19103F-16F7-4668-BE54-9A1E7A4F7556}") = "Service", "Service\Service.csproj", "{F8ABD18C-BD34-404B-B4D0-AF0AE0E7E6F7}"
EndProject
Global
	GlobalSection(SolutionConfigurationPlatforms) = preSolution
		Debug|Any CPU = Debug|Any CPU
		Release|Any CPU = Release|Any CPU
	EndGlobalSection
	GlobalSection(ProjectConfigurationPlatforms) = postSolution
		{089CF92F-3AA5-4708-B518-863DEFFACFED}.Debug|Any CPU.ActiveCfg = Debug|Any CPU
		{089CF92F-3AA5-4708-B518-863DEFFACFED}.Debug|Any CPU.Build.0 = Debug|Any CPU
		{089CF92F-3AA5-4708-B518-863DEFFACFED}.Release|Any CPU.ActiveCfg = Release|Any CPU
		{089CF92F-3AA5-4708-B518-863DEFFACFED}.Release|Any CPU.Build.0 = Release|Any CPU
		{3FF08BF3-A163-4505-830A-29D2359DED99}.Debug|Any CPU.ActiveCfg = Debug|Any CPU
		{3FF08BF3-A163-4505-830A-29D2359DED99}.Debug|Any CPU.Build.0 = Debug|Any CPU
		{3FF08BF3-A163-4505-830A-29D2359DED99}.Release|Any CPU.ActiveCfg = Release|Any CPU
		{3FF08BF3-A163-4505-830A-29D2359DED99}.Release|Any CPU.Build.0 = Release|Any CPU
		{F8ABD18C-BD34-404B-B4D0-AF0AE0E7E6F7}.Debug|Any CPU.ActiveCfg = Debug|Any CPU
		{F8ABD18C-BD34-404B-B4D0-AF0AE0E7E6F7}.Debug|Any CPU.Build.0 = Debug|Any CPU
		{F8ABD18C-BD34-404B-B4D0-AF0AE0E7E6F7}.Release|Any CPU.ActiveCfg = Release|Any CPU
		{F8ABD18C-BD34-404B-B4D0-AF0AE0E7E6F7}.Release|Any CPU.Build.0 = Release|Any CPU
	EndGlobalSection
	GlobalSection(SolutionProperties) = preSolution
		HideSolutionNode = FALSE
	EndGlobalSection
	GlobalSection(ExtensibilityGlobals) = postSolution
		SolutionGuid = {468F1BE8-C08A-47D2-92E8-8AC0B499BED7}
	EndGlobalSection
EndGlobal
